
Microsoft Visual Studio Solution File, Format Version 12.00
# Visual Studio 15
VisualStudioVersion = 15.0.28010.2046
MinimumVisualStudioVersion = 10.0.40219.1
Project("{8BC9CEB8-8B4A-11D0-8D11-00A0C91BC942}") = "ExampleSingleCell", "SingleCellExample\SingleCellExample.vcxproj", "{AB5B027F-A9B7-4AB6-9023-28AF09CED4FB}"
EndProject
Project("{8BC9CEB8-8B4A-11D0-8D11-00A0C91BC942}") = "ExampleMultiCell", "MultiCellsExample\MultiCellsExample.vcxproj", "{B1927145-4FAA-4269-8548-8EB07BE0D452}"
	ProjectSection(ProjectDependencies) = postProject
		{BF0E2B1A-FE1D-4BCC-A4D4-345FB82E3374} = {BF0E2B1A-FE1D-4BCC-A4D4-345FB82E3374}
	EndProjectSection
EndProject
Project("{8BC9CEB8-8B4A-11D0-8D11-00A0C91BC942}") = "ExamplePatternChange", "ExamplePatternChange\ExamplePatternChange.vcxproj", "{84C255B2-D4F6-4079-BB79-D0ADE1BCFAA5}"
EndProject
Project("{FAE04EC0-301F-11D3-BF4B-00C04F79EFBC}") = "ExampleButtonSimple", "ExampleButtonSimple\ExampleButtonSimple.csproj", "{0A525B71-E8AA-40CE-A3A6-9A1379AAC5F0}"
	ProjectSection(ProjectDependencies) = postProject
		{BF0E2B1A-FE1D-4BCC-A4D4-345FB82E3374} = {BF0E2B1A-FE1D-4BCC-A4D4-345FB82E3374}
	EndProjectSection
EndProject
Project("{8BC9CEB8-8B4A-11D0-8D11-00A0C91BC942}") = "MetecDriverLibrary", "MetecDriverLibrary\MetecDriverLibrary.vcxproj", "{BF0E2B1A-FE1D-4BCC-A4D4-345FB82E3374}"
EndProject
Project("{FAE04EC0-301F-11D3-BF4B-00C04F79EFBC}") = "ExampleButtons", "ExampleButtons\ExampleButtons.csproj", "{959399A3-76A7-4220-BE7D-93BCAAA81269}"
	ProjectSection(ProjectDependencies) = postProject
		{BF0E2B1A-FE1D-4BCC-A4D4-345FB82E3374} = {BF0E2B1A-FE1D-4BCC-A4D4-345FB82E3374}
	EndProjectSection
EndProject
Global
	GlobalSection(SolutionConfigurationPlatforms) = preSolution
		Debug|ARM = Debug|ARM
		Debug|x64 = Debug|x64
		Debug|x86 = Debug|x86
		Release|ARM = Release|ARM
		Release|x64 = Release|x64
		Release|x86 = Release|x86
	EndGlobalSection
	GlobalSection(ProjectConfigurationPlatforms) = postSolution
		{AB5B027F-A9B7-4AB6-9023-28AF09CED4FB}.Debug|ARM.ActiveCfg = Debug|ARM
		{AB5B027F-A9B7-4AB6-9023-28AF09CED4FB}.Debug|ARM.Build.0 = Debug|ARM
		{AB5B027F-A9B7-4AB6-9023-28AF09CED4FB}.Debug|ARM.Deploy.0 = Debug|ARM
		{AB5B027F-A9B7-4AB6-9023-28AF09CED4FB}.Debug|x64.ActiveCfg = Debug|x64
		{AB5B027F-A9B7-4AB6-9023-28AF09CED4FB}.Debug|x64.Build.0 = Debug|x64
		{AB5B027F-A9B7-4AB6-9023-28AF09CED4FB}.Debug|x64.Deploy.0 = Debug|x64
		{AB5B027F-A9B7-4AB6-9023-28AF09CED4FB}.Debug|x86.ActiveCfg = Debug|Win32
		{AB5B027F-A9B7-4AB6-9023-28AF09CED4FB}.Debug|x86.Build.0 = Debug|Win32
		{AB5B027F-A9B7-4AB6-9023-28AF09CED4FB}.Debug|x86.Deploy.0 = Debug|Win32
		{AB5B027F-A9B7-4AB6-9023-28AF09CED4FB}.Release|ARM.ActiveCfg = Release|ARM
		{AB5B027F-A9B7-4AB6-9023-28AF09CED4FB}.Release|ARM.Build.0 = Release|ARM
		{AB5B027F-A9B7-4AB6-9023-28AF09CED4FB}.Release|ARM.Deploy.0 = Release|ARM
		{AB5B027F-A9B7-4AB6-9023-28AF09CED4FB}.Release|x64.ActiveCfg = Release|x64
		{AB5B027F-A9B7-4AB6-9023-28AF09CED4FB}.Release|x64.Build.0 = Release|x64
		{AB5B027F-A9B7-4AB6-9023-28AF09CED4FB}.Release|x64.Deploy.0 = Release|x64
		{AB5B027F-A9B7-4AB6-9023-28AF09CED4FB}.Release|x86.ActiveCfg = Release|Win32
		{AB5B027F-A9B7-4AB6-9023-28AF09CED4FB}.Release|x86.Build.0 = Release|Win32
		{AB5B027F-A9B7-4AB6-9023-28AF09CED4FB}.Release|x86.Deploy.0 = Release|Win32
		{B1927145-4FAA-4269-8548-8EB07BE0D452}.Debug|ARM.ActiveCfg = Debug|ARM
		{B1927145-4FAA-4269-8548-8EB07BE0D452}.Debug|ARM.Build.0 = Debug|ARM
		{B1927145-4FAA-4269-8548-8EB07BE0D452}.Debug|ARM.Deploy.0 = Debug|ARM
		{B1927145-4FAA-4269-8548-8EB07BE0D452}.Debug|x64.ActiveCfg = Debug|x64
		{B1927145-4FAA-4269-8548-8EB07BE0D452}.Debug|x64.Build.0 = Debug|x64
		{B1927145-4FAA-4269-8548-8EB07BE0D452}.Debug|x64.Deploy.0 = Debug|x64
		{B1927145-4FAA-4269-8548-8EB07BE0D452}.Debug|x86.ActiveCfg = Debug|Win32
		{B1927145-4FAA-4269-8548-8EB07BE0D452}.Debug|x86.Build.0 = Debug|Win32
		{B1927145-4FAA-4269-8548-8EB07BE0D452}.Debug|x86.Deploy.0 = Debug|Win32
		{B1927145-4FAA-4269-8548-8EB07BE0D452}.Release|ARM.ActiveCfg = Release|ARM
		{B1927145-4FAA-4269-8548-8EB07BE0D452}.Release|ARM.Build.0 = Release|ARM
		{B1927145-4FAA-4269-8548-8EB07BE0D452}.Release|ARM.Deploy.0 = Release|ARM
		{B1927145-4FAA-4269-8548-8EB07BE0D452}.Release|x64.ActiveCfg = Release|x64
		{B1927145-4FAA-4269-8548-8EB07BE0D452}.Release|x64.Build.0 = Release|x64
		{B1927145-4FAA-4269-8548-8EB07BE0D452}.Release|x64.Deploy.0 = Release|x64
		{B1927145-4FAA-4269-8548-8EB07BE0D452}.Release|x86.ActiveCfg = Release|Win32
		{B1927145-4FAA-4269-8548-8EB07BE0D452}.Release|x86.Build.0 = Release|Win32
		{B1927145-4FAA-4269-8548-8EB07BE0D452}.Release|x86.Deploy.0 = Release|Win32
		{84C255B2-D4F6-4079-BB79-D0ADE1BCFAA5}.Debug|ARM.ActiveCfg = Debug|ARM
		{84C255B2-D4F6-4079-BB79-D0ADE1BCFAA5}.Debug|ARM.Build.0 = Debug|ARM
		{84C255B2-D4F6-4079-BB79-D0ADE1BCFAA5}.Debug|ARM.Deploy.0 = Debug|ARM
		{84C255B2-D4F6-4079-BB79-D0ADE1BCFAA5}.Debug|x64.ActiveCfg = Debug|x64
		{84C255B2-D4F6-4079-BB79-D0ADE1BCFAA5}.Debug|x64.Build.0 = Debug|x64
		{84C255B2-D4F6-4079-BB79-D0ADE1BCFAA5}.Debug|x64.Deploy.0 = Debug|x64
		{84C255B2-D4F6-4079-BB79-D0ADE1BCFAA5}.Debug|x86.ActiveCfg = Debug|Win32
		{84C255B2-D4F6-4079-BB79-D0ADE1BCFAA5}.Debug|x86.Build.0 = Debug|Win32
		{84C255B2-D4F6-4079-BB79-D0ADE1BCFAA5}.Debug|x86.Deploy.0 = Debug|Win32
		{84C255B2-D4F6-4079-BB79-D0ADE1BCFAA5}.Release|ARM.ActiveCfg = Release|ARM
		{84C255B2-D4F6-4079-BB79-D0ADE1BCFAA5}.Release|ARM.Build.0 = Release|ARM
		{84C255B2-D4F6-4079-BB79-D0ADE1BCFAA5}.Release|ARM.Deploy.0 = Release|ARM
		{84C255B2-D4F6-4079-BB79-D0ADE1BCFAA5}.Release|x64.ActiveCfg = Release|x64
		{84C255B2-D4F6-4079-BB79-D0ADE1BCFAA5}.Release|x64.Build.0 = Release|x64
		{84C255B2-D4F6-4079-BB79-D0ADE1BCFAA5}.Release|x64.Deploy.0 = Release|x64
		{84C255B2-D4F6-4079-BB79-D0ADE1BCFAA5}.Release|x86.ActiveCfg = Release|Win32
		{84C255B2-D4F6-4079-BB79-D0ADE1BCFAA5}.Release|x86.Build.0 = Release|Win32
		{84C255B2-D4F6-4079-BB79-D0ADE1BCFAA5}.Release|x86.Deploy.0 = Release|Win32
		{0A525B71-E8AA-40CE-A3A6-9A1379AAC5F0}.Debug|ARM.ActiveCfg = Debug|ARM
		{0A525B71-E8AA-40CE-A3A6-9A1379AAC5F0}.Debug|ARM.Build.0 = Debug|ARM
		{0A525B71-E8AA-40CE-A3A6-9A1379AAC5F0}.Debug|ARM.Deploy.0 = Debug|ARM
		{0A525B71-E8AA-40CE-A3A6-9A1379AAC5F0}.Debug|x64.ActiveCfg = Debug|x64
		{0A525B71-E8AA-40CE-A3A6-9A1379AAC5F0}.Debug|x64.Build.0 = Debug|x64
		{0A525B71-E8AA-40CE-A3A6-9A1379AAC5F0}.Debug|x64.Deploy.0 = Debug|x64
		{0A525B71-E8AA-40CE-A3A6-9A1379AAC5F0}.Debug|x86.ActiveCfg = Debug|x86
		{0A525B71-E8AA-40CE-A3A6-9A1379AAC5F0}.Debug|x86.Build.0 = Debug|x86
		{0A525B71-E8AA-40CE-A3A6-9A1379AAC5F0}.Debug|x86.Deploy.0 = Debug|x86
		{0A525B71-E8AA-40CE-A3A6-9A1379AAC5F0}.Release|ARM.ActiveCfg = Release|ARM
		{0A525B71-E8AA-40CE-A3A6-9A1379AAC5F0}.Release|ARM.Build.0 = Release|ARM
		{0A525B71-E8AA-40CE-A3A6-9A1379AAC5F0}.Release|ARM.Deploy.0 = Release|ARM
		{0A525B71-E8AA-40CE-A3A6-9A1379AAC5F0}.Release|x64.ActiveCfg = Release|x64
		{0A525B71-E8AA-40CE-A3A6-9A1379AAC5F0}.Release|x64.Build.0 = Release|x64
		{0A525B71-E8AA-40CE-A3A6-9A1379AAC5F0}.Release|x64.Deploy.0 = Release|x64
		{0A525B71-E8AA-40CE-A3A6-9A1379AAC5F0}.Release|x86.ActiveCfg = Release|x86
		{0A525B71-E8AA-40CE-A3A6-9A1379AAC5F0}.Release|x86.Build.0 = Release|x86
		{0A525B71-E8AA-40CE-A3A6-9A1379AAC5F0}.Release|x86.Deploy.0 = Release|x86
		{BF0E2B1A-FE1D-4BCC-A4D4-345FB82E3374}.Debug|ARM.ActiveCfg = Debug|ARM
		{BF0E2B1A-FE1D-4BCC-A4D4-345FB82E3374}.Debug|ARM.Build.0 = Debug|ARM
		{BF0E2B1A-FE1D-4BCC-A4D4-345FB82E3374}.Debug|x64.ActiveCfg = Debug|x64
		{BF0E2B1A-FE1D-4BCC-A4D4-345FB82E3374}.Debug|x64.Build.0 = Debug|x64
		{BF0E2B1A-FE1D-4BCC-A4D4-345FB82E3374}.Debug|x86.ActiveCfg = Debug|Win32
		{BF0E2B1A-FE1D-4BCC-A4D4-345FB82E3374}.Debug|x86.Build.0 = Debug|Win32
		{BF0E2B1A-FE1D-4BCC-A4D4-345FB82E3374}.Release|ARM.ActiveCfg = Release|ARM
		{BF0E2B1A-FE1D-4BCC-A4D4-345FB82E3374}.Release|ARM.Build.0 = Release|ARM
		{BF0E2B1A-FE1D-4BCC-A4D4-345FB82E3374}.Release|x64.ActiveCfg = Release|x64
		{BF0E2B1A-FE1D-4BCC-A4D4-345FB82E3374}.Release|x64.Build.0 = Release|x64
		{BF0E2B1A-FE1D-4BCC-A4D4-345FB82E3374}.Release|x86.ActiveCfg = Release|Win32
		{BF0E2B1A-FE1D-4BCC-A4D4-345FB82E3374}.Release|x86.Build.0 = Release|Win32
		{959399A3-76A7-4220-BE7D-93BCAAA81269}.Debug|ARM.ActiveCfg = Debug|ARM
		{959399A3-76A7-4220-BE7D-93BCAAA81269}.Debug|ARM.Build.0 = Debug|ARM
		{959399A3-76A7-4220-BE7D-93BCAAA81269}.Debug|ARM.Deploy.0 = Debug|ARM
		{959399A3-76A7-4220-BE7D-93BCAAA81269}.Debug|x64.ActiveCfg = Debug|x64
		{959399A3-76A7-4220-BE7D-93BCAAA81269}.Debug|x64.Build.0 = Debug|x64
		{959399A3-76A7-4220-BE7D-93BCAAA81269}.Debug|x64.Deploy.0 = Debug|x64
		{959399A3-76A7-4220-BE7D-93BCAAA81269}.Debug|x86.ActiveCfg = Debug|x86
		{959399A3-76A7-4220-BE7D-93BCAAA81269}.Debug|x86.Build.0 = Debug|x86
		{959399A3-76A7-4220-BE7D-93BCAAA81269}.Debug|x86.Deploy.0 = Debug|x86
		{959399A3-76A7-4220-BE7D-93BCAAA81269}.Release|ARM.ActiveCfg = Release|ARM
		{959399A3-76A7-4220-BE7D-93BCAAA81269}.Release|ARM.Build.0 = Release|ARM
		{959399A3-76A7-4220-BE7D-93BCAAA81269}.Release|ARM.Deploy.0 = Release|ARM
		{959399A3-76A7-4220-BE7D-93BCAAA81269}.Release|x64.ActiveCfg = Release|x64
		{959399A3-76A7-4220-BE7D-93BCAAA81269}.Release|x64.Build.0 = Release|x64
		{959399A3-76A7-4220-BE7D-93BCAAA81269}.Release|x64.Deploy.0 = Release|x64
		{959399A3-76A7-4220-BE7D-93BCAAA81269}.Release|x86.ActiveCfg = Release|x86
		{959399A3-76A7-4220-BE7D-93BCAAA81269}.Release|x86.Build.0 = Release|x86
		{959399A3-76A7-4220-BE7D-93BCAAA81269}.Release|x86.Deploy.0 = Release|x86
	EndGlobalSection
	GlobalSection(SolutionProperties) = preSolution
		HideSolutionNode = FALSE
	EndGlobalSection
	GlobalSection(ExtensibilityGlobals) = postSolution
		SolutionGuid = {A08B16F5-C65C-4BAE-9E4F-893982DDB377}
	EndGlobalSection
EndGlobal
