
Microsoft Visual Studio Solution File, Format Version 12.00
# Visual Studio 15
VisualStudioVersion = 15.0.28010.2046
MinimumVisualStudioVersion = 10.0.40219.1
Project("{FAE04EC0-301F-11D3-BF4B-00C04F79EFBC}") = "ExampleButtonSimple", "ExampleButtonSimple\ExampleButtonSimple.csproj", "{0A525B71-E8AA-40CE-A3A6-9A1379AAC5F0}"
	ProjectSection(ProjectDependencies) = postProject
		{BF0E2B1A-FE1D-4BCC-A4D4-345FB82E3374} = {BF0E2B1A-FE1D-4BCC-A4D4-345FB82E3374}
	EndProjectSection
EndProject
Project("{8BC9CEB8-8B4A-11D0-8D11-00A0C91BC942}") = "MetecDriverLibrary", "MetecDriverLibrary\MetecDriverLibrary.vcxproj", "{BF0E2B1A-FE1D-4BCC-A4D4-345FB82E3374}"
EndProject
Project("{FAE04EC0-301F-11D3-BF4B-00C04F79EFBC}") = "ExampleButtons", "ExampleButtons\ExampleButtons.csproj", "{959399A3-76A7-4220-BE7D-93BCAAA81269}"
	ProjectSection(ProjectDependencies) = postProject
		{BF0E2B1A-FE1D-4BCC-A4D4-345FB82E3374} = {BF0E2B1A-FE1D-4BCC-A4D4-345FB82E3374}
	EndProjectSection
EndProject
Project("{FAE04EC0-301F-11D3-BF4B-00C04F79EFBC}") = "ExampleSingleCell", "ExampleSingleCell\ExampleSingleCell.csproj", "{8C40F7E5-42ED-49AC-BC2C-3D827AA1358A}"
	ProjectSection(ProjectDependencies) = postProject
		{BF0E2B1A-FE1D-4BCC-A4D4-345FB82E3374} = {BF0E2B1A-FE1D-4BCC-A4D4-345FB82E3374}
	EndProjectSection
EndProject
Project("{FAE04EC0-301F-11D3-BF4B-00C04F79EFBC}") = "ExampleMultiCell", "ExampleMultiCell\ExampleMultiCell.csproj", "{C96B85C5-516B-42FB-93C9-867175140E05}"
	ProjectSection(ProjectDependencies) = postProject
		{BF0E2B1A-FE1D-4BCC-A4D4-345FB82E3374} = {BF0E2B1A-FE1D-4BCC-A4D4-345FB82E3374}
	EndProjectSection
EndProject
Project("{FAE04EC0-301F-11D3-BF4B-00C04F79EFBC}") = "ExamplePatternChange", "ExamplePatternChange\ExamplePatternChange.csproj", "{54F393AF-AB23-402A-AA76-0C866C0FCBE9}"
	ProjectSection(ProjectDependencies) = postProject
		{BF0E2B1A-FE1D-4BCC-A4D4-345FB82E3374} = {BF0E2B1A-FE1D-4BCC-A4D4-345FB82E3374}
	EndProjectSection
EndProject
Global
	GlobalSection(SolutionConfigurationPlatforms) = preSolution
		Debug|ARM = Debug|ARM
		Debug|x64 = Debug|x64
		Debug|x86 = Debug|x86
		Release|ARM = Release|ARM
		Release|x64 = Release|x64
		Release|x86 = Release|x86
	EndGlobalSection
	GlobalSection(ProjectConfigurationPlatforms) = postSolution
		{0A525B71-E8AA-40CE-A3A6-9A1379AAC5F0}.Debug|ARM.ActiveCfg = Debug|ARM
		{0A525B71-E8AA-40CE-A3A6-9A1379AAC5F0}.Debug|ARM.Build.0 = Debug|ARM
		{0A525B71-E8AA-40CE-A3A6-9A1379AAC5F0}.Debug|ARM.Deploy.0 = Debug|ARM
		{0A525B71-E8AA-40CE-A3A6-9A1379AAC5F0}.Debug|x64.ActiveCfg = Debug|x64
		{0A525B71-E8AA-40CE-A3A6-9A1379AAC5F0}.Debug|x64.Build.0 = Debug|x64
		{0A525B71-E8AA-40CE-A3A6-9A1379AAC5F0}.Debug|x64.Deploy.0 = Debug|x64
		{0A525B71-E8AA-40CE-A3A6-9A1379AAC5F0}.Debug|x86.ActiveCfg = Debug|x86
		{0A525B71-E8AA-40CE-A3A6-9A1379AAC5F0}.Debug|x86.Build.0 = Debug|x86
		{0A525B71-E8AA-40CE-A3A6-9A1379AAC5F0}.Debug|x86.Deploy.0 = Debug|x86
		{0A525B71-E8AA-40CE-A3A6-9A1379AAC5F0}.Release|ARM.ActiveCfg = Release|ARM
		{0A525B71-E8AA-40CE-A3A6-9A1379AAC5F0}.Release|ARM.Build.0 = Release|ARM
		{0A525B71-E8AA-40CE-A3A6-9A1379AAC5F0}.Release|ARM.Deploy.0 = Release|ARM
		{0A525B71-E8AA-40CE-A3A6-9A1379AAC5F0}.Release|x64.ActiveCfg = Release|x64
		{0A525B71-E8AA-40CE-A3A6-9A1379AAC5F0}.Release|x64.Build.0 = Release|x64
		{0A525B71-E8AA-40CE-A3A6-9A1379AAC5F0}.Release|x64.Deploy.0 = Release|x64
		{0A525B71-E8AA-40CE-A3A6-9A1379AAC5F0}.Release|x86.ActiveCfg = Release|x86
		{0A525B71-E8AA-40CE-A3A6-9A1379AAC5F0}.Release|x86.Build.0 = Release|x86
		{0A525B71-E8AA-40CE-A3A6-9A1379AAC5F0}.Release|x86.Deploy.0 = Release|x86
		{BF0E2B1A-FE1D-4BCC-A4D4-345FB82E3374}.Debug|ARM.ActiveCfg = Debug|ARM
		{BF0E2B1A-FE1D-4BCC-A4D4-345FB82E3374}.Debug|ARM.Build.0 = Debug|ARM
		{BF0E2B1A-FE1D-4BCC-A4D4-345FB82E3374}.Debug|x64.ActiveCfg = Debug|x64
		{BF0E2B1A-FE1D-4BCC-A4D4-345FB82E3374}.Debug|x64.Build.0 = Debug|x64
		{BF0E2B1A-FE1D-4BCC-A4D4-345FB82E3374}.Debug|x86.ActiveCfg = Debug|Win32
		{BF0E2B1A-FE1D-4BCC-A4D4-345FB82E3374}.Debug|x86.Build.0 = Debug|Win32
		{BF0E2B1A-FE1D-4BCC-A4D4-345FB82E3374}.Release|ARM.ActiveCfg = Release|ARM
		{BF0E2B1A-FE1D-4BCC-A4D4-345FB82E3374}.Release|ARM.Build.0 = Release|ARM
		{BF0E2B1A-FE1D-4BCC-A4D4-345FB82E3374}.Release|x64.ActiveCfg = Release|x64
		{BF0E2B1A-FE1D-4BCC-A4D4-345FB82E3374}.Release|x64.Build.0 = Release|x64
		{BF0E2B1A-FE1D-4BCC-A4D4-345FB82E3374}.Release|x86.ActiveCfg = Release|Win32
		{BF0E2B1A-FE1D-4BCC-A4D4-345FB82E3374}.Release|x86.Build.0 = Release|Win32
		{959399A3-76A7-4220-BE7D-93BCAAA81269}.Debug|ARM.ActiveCfg = Debug|ARM
		{959399A3-76A7-4220-BE7D-93BCAAA81269}.Debug|ARM.Build.0 = Debug|ARM
		{959399A3-76A7-4220-BE7D-93BCAAA81269}.Debug|ARM.Deploy.0 = Debug|ARM
		{959399A3-76A7-4220-BE7D-93BCAAA81269}.Debug|x64.ActiveCfg = Debug|x64
		{959399A3-76A7-4220-BE7D-93BCAAA81269}.Debug|x64.Build.0 = Debug|x64
		{959399A3-76A7-4220-BE7D-93BCAAA81269}.Debug|x64.Deploy.0 = Debug|x64
		{959399A3-76A7-4220-BE7D-93BCAAA81269}.Debug|x86.ActiveCfg = Debug|x86
		{959399A3-76A7-4220-BE7D-93BCAAA81269}.Debug|x86.Build.0 = Debug|x86
		{959399A3-76A7-4220-BE7D-93BCAAA81269}.Debug|x86.Deploy.0 = Debug|x86
		{959399A3-76A7-4220-BE7D-93BCAAA81269}.Release|ARM.ActiveCfg = Release|ARM
		{959399A3-76A7-4220-BE7D-93BCAAA81269}.Release|ARM.Build.0 = Release|ARM
		{959399A3-76A7-4220-BE7D-93BCAAA81269}.Release|ARM.Deploy.0 = Release|ARM
		{959399A3-76A7-4220-BE7D-93BCAAA81269}.Release|x64.ActiveCfg = Release|x64
		{959399A3-76A7-4220-BE7D-93BCAAA81269}.Release|x64.Build.0 = Release|x64
		{959399A3-76A7-4220-BE7D-93BCAAA81269}.Release|x64.Deploy.0 = Release|x64
		{959399A3-76A7-4220-BE7D-93BCAAA81269}.Release|x86.ActiveCfg = Release|x86
		{959399A3-76A7-4220-BE7D-93BCAAA81269}.Release|x86.Build.0 = Release|x86
		{959399A3-76A7-4220-BE7D-93BCAAA81269}.Release|x86.Deploy.0 = Release|x86
		{8C40F7E5-42ED-49AC-BC2C-3D827AA1358A}.Debug|ARM.ActiveCfg = Debug|ARM
		{8C40F7E5-42ED-49AC-BC2C-3D827AA1358A}.Debug|ARM.Build.0 = Debug|ARM
		{8C40F7E5-42ED-49AC-BC2C-3D827AA1358A}.Debug|ARM.Deploy.0 = Debug|ARM
		{8C40F7E5-42ED-49AC-BC2C-3D827AA1358A}.Debug|x64.ActiveCfg = Debug|x64
		{8C40F7E5-42ED-49AC-BC2C-3D827AA1358A}.Debug|x64.Build.0 = Debug|x64
		{8C40F7E5-42ED-49AC-BC2C-3D827AA1358A}.Debug|x64.Deploy.0 = Debug|x64
		{8C40F7E5-42ED-49AC-BC2C-3D827AA1358A}.Debug|x86.ActiveCfg = Debug|x86
		{8C40F7E5-42ED-49AC-BC2C-3D827AA1358A}.Debug|x86.Build.0 = Debug|x86
		{8C40F7E5-42ED-49AC-BC2C-3D827AA1358A}.Debug|x86.Deploy.0 = Debug|x86
		{8C40F7E5-42ED-49AC-BC2C-3D827AA1358A}.Release|ARM.ActiveCfg = Release|ARM
		{8C40F7E5-42ED-49AC-BC2C-3D827AA1358A}.Release|ARM.Build.0 = Release|ARM
		{8C40F7E5-42ED-49AC-BC2C-3D827AA1358A}.Release|ARM.Deploy.0 = Release|ARM
		{8C40F7E5-42ED-49AC-BC2C-3D827AA1358A}.Release|x64.ActiveCfg = Release|x64
		{8C40F7E5-42ED-49AC-BC2C-3D827AA1358A}.Release|x64.Build.0 = Release|x64
		{8C40F7E5-42ED-49AC-BC2C-3D827AA1358A}.Release|x64.Deploy.0 = Release|x64
		{8C40F7E5-42ED-49AC-BC2C-3D827AA1358A}.Release|x86.ActiveCfg = Release|x86
		{8C40F7E5-42ED-49AC-BC2C-3D827AA1358A}.Release|x86.Build.0 = Release|x86
		{8C40F7E5-42ED-49AC-BC2C-3D827AA1358A}.Release|x86.Deploy.0 = Release|x86
		{C96B85C5-516B-42FB-93C9-867175140E05}.Debug|ARM.ActiveCfg = Debug|ARM
		{C96B85C5-516B-42FB-93C9-867175140E05}.Debug|ARM.Build.0 = Debug|ARM
		{C96B85C5-516B-42FB-93C9-867175140E05}.Debug|ARM.Deploy.0 = Debug|ARM
		{C96B85C5-516B-42FB-93C9-867175140E05}.Debug|x64.ActiveCfg = Debug|x64
		{C96B85C5-516B-42FB-93C9-867175140E05}.Debug|x64.Build.0 = Debug|x64
		{C96B85C5-516B-42FB-93C9-867175140E05}.Debug|x64.Deploy.0 = Debug|x64
		{C96B85C5-516B-42FB-93C9-867175140E05}.Debug|x86.ActiveCfg = Debug|x86
		{C96B85C5-516B-42FB-93C9-867175140E05}.Debug|x86.Build.0 = Debug|x86
		{C96B85C5-516B-42FB-93C9-867175140E05}.Debug|x86.Deploy.0 = Debug|x86
		{C96B85C5-516B-42FB-93C9-867175140E05}.Release|ARM.ActiveCfg = Release|ARM
		{C96B85C5-516B-42FB-93C9-867175140E05}.Release|ARM.Build.0 = Release|ARM
		{C96B85C5-516B-42FB-93C9-867175140E05}.Release|ARM.Deploy.0 = Release|ARM
		{C96B85C5-516B-42FB-93C9-867175140E05}.Release|x64.ActiveCfg = Release|x64
		{C96B85C5-516B-42FB-93C9-867175140E05}.Release|x64.Build.0 = Release|x64
		{C96B85C5-516B-42FB-93C9-867175140E05}.Release|x64.Deploy.0 = Release|x64
		{C96B85C5-516B-42FB-93C9-867175140E05}.Release|x86.ActiveCfg = Release|x86
		{C96B85C5-516B-42FB-93C9-867175140E05}.Release|x86.Build.0 = Release|x86
		{C96B85C5-516B-42FB-93C9-867175140E05}.Release|x86.Deploy.0 = Release|x86
		{54F393AF-AB23-402A-AA76-0C866C0FCBE9}.Debug|ARM.ActiveCfg = Debug|ARM
		{54F393AF-AB23-402A-AA76-0C866C0FCBE9}.Debug|ARM.Build.0 = Debug|ARM
		{54F393AF-AB23-402A-AA76-0C866C0FCBE9}.Debug|ARM.Deploy.0 = Debug|ARM
		{54F393AF-AB23-402A-AA76-0C866C0FCBE9}.Debug|x64.ActiveCfg = Debug|x64
		{54F393AF-AB23-402A-AA76-0C866C0FCBE9}.Debug|x64.Build.0 = Debug|x64
		{54F393AF-AB23-402A-AA76-0C866C0FCBE9}.Debug|x64.Deploy.0 = Debug|x64
		{54F393AF-AB23-402A-AA76-0C866C0FCBE9}.Debug|x86.ActiveCfg = Debug|x86
		{54F393AF-AB23-402A-AA76-0C866C0FCBE9}.Debug|x86.Build.0 = Debug|x86
		{54F393AF-AB23-402A-AA76-0C866C0FCBE9}.Debug|x86.Deploy.0 = Debug|x86
		{54F393AF-AB23-402A-AA76-0C866C0FCBE9}.Release|ARM.ActiveCfg = Release|ARM
		{54F393AF-AB23-402A-AA76-0C866C0FCBE9}.Release|ARM.Build.0 = Release|ARM
		{54F393AF-AB23-402A-AA76-0C866C0FCBE9}.Release|ARM.Deploy.0 = Release|ARM
		{54F393AF-AB23-402A-AA76-0C866C0FCBE9}.Release|x64.ActiveCfg = Release|x64
		{54F393AF-AB23-402A-AA76-0C866C0FCBE9}.Release|x64.Build.0 = Release|x64
		{54F393AF-AB23-402A-AA76-0C866C0FCBE9}.Release|x64.Deploy.0 = Release|x64
		{54F393AF-AB23-402A-AA76-0C866C0FCBE9}.Release|x86.ActiveCfg = Release|x86
		{54F393AF-AB23-402A-AA76-0C866C0FCBE9}.Release|x86.Build.0 = Release|x86
		{54F393AF-AB23-402A-AA76-0C866C0FCBE9}.Release|x86.Deploy.0 = Release|x86
	EndGlobalSection
	GlobalSection(SolutionProperties) = preSolution
		HideSolutionNode = FALSE
	EndGlobalSection
	GlobalSection(ExtensibilityGlobals) = postSolution
		SolutionGuid = {A08B16F5-C65C-4BAE-9E4F-893982DDB377}
	EndGlobalSection
EndGlobal
